
Microsoft Visual Studio Solution File, Format Version 12.00
# Visual Studio Version 17
VisualStudioVersion = 17.5.33424.131
MinimumVisualStudioVersion = 10.0.40219.1

Project("{FAE04EC0-301F-11D3-BF4B-00C04F79EFBC}") = "LurkHelper", "src\LurkHelper.csproj", "{EB11132A-9646-4036-949F-0C739DF29A64}"
EndProject
Global
	GlobalSection(SolutionConfigurationPlatforms) = preSolution
		Debug|Any CPU = Debug|Any CPU
		Release|Any CPU = Release|Any CPU
	EndGlobalSection
	GlobalSection(ProjectConfigurationPlatforms) = postSolution
		{0DF7D314-A65E-44A6-93C9-71A2F3917ADD}.Debug|Any CPU.ActiveCfg = Debug|Any CPU
		{0DF7D314-A65E-44A6-93C9-71A2F3917ADD}.Debug|Any CPU.Build.0 = Debug|Any CPU
		{0DF7D314-A65E-44A6-93C9-71A2F3917ADD}.Release|Any CPU.ActiveCfg = Release|Any CPU
		{0DF7D314-A65E-44A6-93C9-71A2F3917ADD}.Release|Any CPU.Build.0 = Release|Any CPU
		{EB11132A-9646-4036-949F-0C739DF29A64}.Debug|Any CPU.ActiveCfg = Debug|Any CPU
		{EB11132A-9646-4036-949F-0C739DF29A64}.Debug|Any CPU.Build.0 = Debug|Any CPU
		{EB11132A-9646-4036-949F-0C739DF29A64}.Release|Any CPU.ActiveCfg = Release|Any CPU
		{EB11132A-9646-4036-949F-0C739DF29A64}.Release|Any CPU.Build.0 = Release|Any CPU
	EndGlobalSection
	GlobalSection(SolutionProperties) = preSolution
		HideSolutionNode = FALSE
	EndGlobalSection
	GlobalSection(ExtensibilityGlobals) = postSolution
		SolutionGuid = {3CFD50C7-1262-4801-8F6F-2004F0F5B75F}
	EndGlobalSection
EndGlobal
